// !$*UTF8*$!
{
	archiveVersion = 1;
	classes = {
	};
	objectVersion = 77;
	objects = {

/* Begin PBXBuildFile section */
		01573549972027D1F9D5AD84 /* QuickVault_iOSTests.swift in Sources */ = {isa = PBXBuildFile; fileRef = 7640048681101DE4255A7D6C /* QuickVault_iOSTests.swift */; };
		0205654E0938683DD8561239 /* SettingsView.swift in Sources */ = {isa = PBXBuildFile; fileRef = D6F1D5CAF162D6F2AE86FCF7 /* SettingsView.swift */; };
		047BF0012540900CEC812FDF /* LocalizationManager.swift in Sources */ = {isa = PBXBuildFile; fileRef = C6B35E855E6CE70709D93082 /* LocalizationManager.swift */; };
		0CE31A7EB6E85309E237FA7E /* Security.framework in Frameworks */ = {isa = PBXBuildFile; fileRef = 4A94BADA7314FFC3AB224CC1 /* Security.framework */; };
		13A6E1143B488B1ADACDB7B4 /* AttachmentView.swift in Sources */ = {isa = PBXBuildFile; fileRef = 049240424C29CF75F1AB30BC /* AttachmentView.swift */; };
		1AD7A722939943DC463FB3E0 /* Localizable.strings in Resources */ = {isa = PBXBuildFile; fileRef = 209029622DBA6B9474A19E6B /* Localizable.strings */; };
		3A3A183F7A792B67576B3362 /* SwiftUI.framework in Frameworks */ = {isa = PBXBuildFile; fileRef = F86578624AA0C712D14FBEB1 /* SwiftUI.framework */; };
		3A8456C37A281FE028E4866F /* CardDetailView.swift in Sources */ = {isa = PBXBuildFile; fileRef = 15D2C69EA477FD9C8C0C19BD /* CardDetailView.swift */; };
		3EE56ADA4DCB2D12D917DD37 /* CardDetailViewModel.swift in Sources */ = {isa = PBXBuildFile; fileRef = C0FEBA8555645A65A81F9281 /* CardDetailViewModel.swift */; };
		4852B698E36E9D3EB193BAF6 /* CardEditorViewModel.swift in Sources */ = {isa = PBXBuildFile; fileRef = 35FDB1FB2D2B9499E8C22E35 /* CardEditorViewModel.swift */; };
		4B64B0A685D2F3C9FFBA2BD8 /* WelcomeView.swift in Sources */ = {isa = PBXBuildFile; fileRef = 2D5A7562FB1ECF61152E80C7 /* WelcomeView.swift */; };
		5CFAA7F4802FDDA7041B618B /* AutoLockManager.swift in Sources */ = {isa = PBXBuildFile; fileRef = F30E6359AFF9F1BF32530737 /* AutoLockManager.swift */; };
		6624F1078058A0A8C21F2368 /* QuickVaultCore in Frameworks */ = {isa = PBXBuildFile; productRef = A83C085579CE6D0AB91D42D5 /* QuickVaultCore */; };
		691A9B8A2138CAE22BED5FF3 /* CardListViewModel.swift in Sources */ = {isa = PBXBuildFile; fileRef = 386021D90AAF2290A7AD72D3 /* CardListViewModel.swift */; };
		7C1A9F54BB66A0FCCBAE54E2 /* ToastView.swift in Sources */ = {isa = PBXBuildFile; fileRef = 69595CAB753B5DFF3AA5F61A /* ToastView.swift */; };
		93995C30D86691C335E2E7C1 /* UIKit.framework in Frameworks */ = {isa = PBXBuildFile; fileRef = D7756F1F461588E412211BE5 /* UIKit.framework */; };
		97B8A32947562A4A6DD0CA66 /* WatermarkService.swift in Sources */ = {isa = PBXBuildFile; fileRef = 084A3087336F42612C1C2D14 /* WatermarkService.swift */; };
		9B29C8FEAEE5ACCD4366B020 /* QuickVaultCore in Frameworks */ = {isa = PBXBuildFile; productRef = 042AFB4CEA3373468B97BE79 /* QuickVaultCore */; };
		A5945102A1B5FA0252A136D1 /* SearchView.swift in Sources */ = {isa = PBXBuildFile; fileRef = 241F80E21BB55F57FD2858BA /* SearchView.swift */; };
		AC29E035EAA6D5ECA835DEBE /* LockScreenView.swift in Sources */ = {isa = PBXBuildFile; fileRef = 1C7FAB4F06991E87B162E011 /* LockScreenView.swift */; };
		B61056E9A8B04C42E55049FF /* CardEditorSheet.swift in Sources */ = {isa = PBXBuildFile; fileRef = 911A33BF8A5E7CF480E43FAB /* CardEditorSheet.swift */; };
		BCD0BBA4217C12E3B9518AC4 /* LocalAuthentication.framework in Frameworks */ = {isa = PBXBuildFile; fileRef = E36E583B2CC60CBD099FFD45 /* LocalAuthentication.framework */; };
		BDE414EBD48C1B32972E9327 /* Assets.xcassets in Resources */ = {isa = PBXBuildFile; fileRef = 603B44AE55C9131BACCEE131 /* Assets.xcassets */; };
		CA096A682675103CE5DC86B0 /* CardListView.swift in Sources */ = {isa = PBXBuildFile; fileRef = 4E0354FD13E17A19DC4264D0 /* CardListView.swift */; };
		D15718CAF8878FB83E92F81C /* MainTabView.swift in Sources */ = {isa = PBXBuildFile; fileRef = AAC1428ED84D08AA8D32DAA9 /* MainTabView.swift */; };
		D2CBD75B229D1F91D92C6458 /* QuickVaultApp.swift in Sources */ = {isa = PBXBuildFile; fileRef = FC388FFE2EE107739AD6071D /* QuickVaultApp.swift */; };
		E2D911A3267197815F0152A4 /* SettingsViewModel.swift in Sources */ = {isa = PBXBuildFile; fileRef = DC7BB269C92210D268B29CA4 /* SettingsViewModel.swift */; };
		E5ED2247045E53F85379D740 /* AuthViewModel.swift in Sources */ = {isa = PBXBuildFile; fileRef = E579867A3A20856CBD302D8D /* AuthViewModel.swift */; };
		EE29D888CDD5525843053A29 /* AttachmentService.swift in Sources */ = {isa = PBXBuildFile; fileRef = 8A7DC778EA1AC3B79534F91B /* AttachmentService.swift */; };
/* End PBXBuildFile section */

/* Begin PBXContainerItemProxy section */
		EC9EA9D9380A13F74067AAF4 /* PBXContainerItemProxy */ = {
			isa = PBXContainerItemProxy;
			containerPortal = B2183559B6FD0017B0036502 /* Project object */;
			proxyType = 1;
			remoteGlobalIDString = 13E9787B7AADB096C4E69195;
			remoteInfo = "QuickVault-iOS";
		};
/* End PBXContainerItemProxy section */

/* Begin PBXFileReference section */
		049240424C29CF75F1AB30BC /* AttachmentView.swift */ = {isa = PBXFileReference; lastKnownFileType = sourcecode.swift; path = AttachmentView.swift; sourceTree = "<group>"; };
		084A3087336F42612C1C2D14 /* WatermarkService.swift */ = {isa = PBXFileReference; lastKnownFileType = sourcecode.swift; path = WatermarkService.swift; sourceTree = "<group>"; };
		0AFA131B5F9AAE485AA676C1 /* it */ = {isa = PBXFileReference; lastKnownFileType = text.plist.strings; name = it; path = it.lproj/Localizable.strings; sourceTree = "<group>"; };
		0E427F3CA78A156EDDCF3807 /* en */ = {isa = PBXFileReference; lastKnownFileType = text.plist.strings; name = en; path = en.lproj/Localizable.strings; sourceTree = "<group>"; };
		15D2C69EA477FD9C8C0C19BD /* CardDetailView.swift */ = {isa = PBXFileReference; lastKnownFileType = sourcecode.swift; path = CardDetailView.swift; sourceTree = "<group>"; };
		1C7FAB4F06991E87B162E011 /* LockScreenView.swift */ = {isa = PBXFileReference; lastKnownFileType = sourcecode.swift; path = LockScreenView.swift; sourceTree = "<group>"; };
		241F80E21BB55F57FD2858BA /* SearchView.swift */ = {isa = PBXFileReference; lastKnownFileType = sourcecode.swift; path = SearchView.swift; sourceTree = "<group>"; };
		2D5A7562FB1ECF61152E80C7 /* WelcomeView.swift */ = {isa = PBXFileReference; lastKnownFileType = sourcecode.swift; path = WelcomeView.swift; sourceTree = "<group>"; };
		2EB0B068E037BE5AADFB42A0 /* cs */ = {isa = PBXFileReference; lastKnownFileType = text.plist.strings; name = cs; path = cs.lproj/Localizable.strings; sourceTree = "<group>"; };
		35FDB1FB2D2B9499E8C22E35 /* CardEditorViewModel.swift */ = {isa = PBXFileReference; lastKnownFileType = sourcecode.swift; path = CardEditorViewModel.swift; sourceTree = "<group>"; };
		386021D90AAF2290A7AD72D3 /* CardListViewModel.swift */ = {isa = PBXFileReference; lastKnownFileType = sourcecode.swift; path = CardListViewModel.swift; sourceTree = "<group>"; };
		46F12F5F1BDB134DAC5CE1B2 /* QuickVault.entitlements */ = {isa = PBXFileReference; lastKnownFileType = text.plist.entitlements; path = QuickVault.entitlements; sourceTree = "<group>"; };
		47563C9C82E8122B3089AD35 /* ru */ = {isa = PBXFileReference; lastKnownFileType = text.plist.strings; name = ru; path = ru.lproj/Localizable.strings; sourceTree = "<group>"; };
		4782CA75C702D8057ED4050C /* uk */ = {isa = PBXFileReference; lastKnownFileType = text.plist.strings; name = uk; path = uk.lproj/Localizable.strings; sourceTree = "<group>"; };
		4A94BADA7314FFC3AB224CC1 /* Security.framework */ = {isa = PBXFileReference; lastKnownFileType = wrapper.framework; name = Security.framework; path = System/Library/Frameworks/Security.framework; sourceTree = SDKROOT; };
		4D9304C568455F5D5AF72FA6 /* ja */ = {isa = PBXFileReference; lastKnownFileType = text.plist.strings; name = ja; path = ja.lproj/Localizable.strings; sourceTree = "<group>"; };
		4E0354FD13E17A19DC4264D0 /* CardListView.swift */ = {isa = PBXFileReference; lastKnownFileType = sourcecode.swift; path = CardListView.swift; sourceTree = "<group>"; };
		56E9E463378817B11A9B2679 /* fr */ = {isa = PBXFileReference; lastKnownFileType = text.plist.strings; name = fr; path = fr.lproj/Localizable.strings; sourceTree = "<group>"; };
		5BBB4F4BF0A7E4B1498F028E /* nl */ = {isa = PBXFileReference; lastKnownFileType = text.plist.strings; name = nl; path = nl.lproj/Localizable.strings; sourceTree = "<group>"; };
		603B44AE55C9131BACCEE131 /* Assets.xcassets */ = {isa = PBXFileReference; lastKnownFileType = folder.assetcatalog; path = Assets.xcassets; sourceTree = "<group>"; };
		66A5E197DE7397D954F0AED3 /* Info.plist */ = {isa = PBXFileReference; lastKnownFileType = text.plist; path = Info.plist; sourceTree = "<group>"; };
		69595CAB753B5DFF3AA5F61A /* ToastView.swift */ = {isa = PBXFileReference; lastKnownFileType = sourcecode.swift; path = ToastView.swift; sourceTree = "<group>"; };
		7640048681101DE4255A7D6C /* QuickVault_iOSTests.swift */ = {isa = PBXFileReference; lastKnownFileType = sourcecode.swift; path = QuickVault_iOSTests.swift; sourceTree = "<group>"; };
		7A430A425043BD1E5FE3417A /* fi */ = {isa = PBXFileReference; lastKnownFileType = text.plist.strings; name = fi; path = fi.lproj/Localizable.strings; sourceTree = "<group>"; };
		7FB5126F586E61A73B65699C /* pt-PT */ = {isa = PBXFileReference; lastKnownFileType = text.plist.strings; name = "pt-PT"; path = "pt-PT.lproj/Localizable.strings"; sourceTree = "<group>"; };
		81354BE88E35456AF0FD74D2 /* ro */ = {isa = PBXFileReference; lastKnownFileType = text.plist.strings; name = ro; path = ro.lproj/Localizable.strings; sourceTree = "<group>"; };
		887DFB043CF17C83E8CE5CF4 /* zh-Hans */ = {isa = PBXFileReference; lastKnownFileType = text.plist.strings; name = "zh-Hans"; path = "zh-Hans.lproj/Localizable.strings"; sourceTree = "<group>"; };
		8A7DC778EA1AC3B79534F91B /* AttachmentService.swift */ = {isa = PBXFileReference; lastKnownFileType = sourcecode.swift; path = AttachmentService.swift; sourceTree = "<group>"; };
		9085751016C97674D4B981AD /* ar */ = {isa = PBXFileReference; lastKnownFileType = text.plist.strings; name = ar; path = ar.lproj/Localizable.strings; sourceTree = "<group>"; };
		911A33BF8A5E7CF480E43FAB /* CardEditorSheet.swift */ = {isa = PBXFileReference; lastKnownFileType = sourcecode.swift; path = CardEditorSheet.swift; sourceTree = "<group>"; };
		9E5D7A4A4B1C60475DFBCEF1 /* sv */ = {isa = PBXFileReference; lastKnownFileType = text.plist.strings; name = sv; path = sv.lproj/Localizable.strings; sourceTree = "<group>"; };
		AAC1428ED84D08AA8D32DAA9 /* MainTabView.swift */ = {isa = PBXFileReference; lastKnownFileType = sourcecode.swift; path = MainTabView.swift; sourceTree = "<group>"; };
		ACEDDFD852425B5756DF270D /* pl */ = {isa = PBXFileReference; lastKnownFileType = text.plist.strings; name = pl; path = pl.lproj/Localizable.strings; sourceTree = "<group>"; };
		B1BD8C19DA6AFDE16AAF9C28 /* el */ = {isa = PBXFileReference; lastKnownFileType = text.plist.strings; name = el; path = el.lproj/Localizable.strings; sourceTree = "<group>"; };
		B526FD4DEBFCEFC0EC95DFA3 /* QuickVault-iOS.app */ = {isa = PBXFileReference; includeInIndex = 0; lastKnownFileType = wrapper.application; path = "QuickVault-iOS.app"; sourceTree = BUILT_PRODUCTS_DIR; };
		BBECB90A49BFF1ABB4AAFF9E /* de */ = {isa = PBXFileReference; lastKnownFileType = text.plist.strings; name = de; path = de.lproj/Localizable.strings; sourceTree = "<group>"; };
		BE488D7CA0B18B8D1246F800 /* hu */ = {isa = PBXFileReference; lastKnownFileType = text.plist.strings; name = hu; path = hu.lproj/Localizable.strings; sourceTree = "<group>"; };
		C0FEBA8555645A65A81F9281 /* CardDetailViewModel.swift */ = {isa = PBXFileReference; lastKnownFileType = sourcecode.swift; path = CardDetailViewModel.swift; sourceTree = "<group>"; };
		C41760669E8DC9CF7235EB68 /* es */ = {isa = PBXFileReference; lastKnownFileType = text.plist.strings; name = es; path = es.lproj/Localizable.strings; sourceTree = "<group>"; };
		C6B35E855E6CE70709D93082 /* LocalizationManager.swift */ = {isa = PBXFileReference; lastKnownFileType = sourcecode.swift; path = LocalizationManager.swift; sourceTree = "<group>"; };
		D13AB1CF5773695741895F16 /* QuickVaultKit */ = {isa = PBXFileReference; lastKnownFileType = folder; name = QuickVaultKit; path = ../QuickVaultKit; sourceTree = SOURCE_ROOT; };
		D2D31F530D7235779FEDD87C /* da */ = {isa = PBXFileReference; lastKnownFileType = text.plist.strings; name = da; path = da.lproj/Localizable.strings; sourceTree = "<group>"; };
		D593EBE86B5FA107F4E4172D /* pt-BR */ = {isa = PBXFileReference; lastKnownFileType = text.plist.strings; name = "pt-BR"; path = "pt-BR.lproj/Localizable.strings"; sourceTree = "<group>"; };
		D6F1D5CAF162D6F2AE86FCF7 /* SettingsView.swift */ = {isa = PBXFileReference; lastKnownFileType = sourcecode.swift; path = SettingsView.swift; sourceTree = "<group>"; };
		D7756F1F461588E412211BE5 /* UIKit.framework */ = {isa = PBXFileReference; lastKnownFileType = wrapper.framework; name = UIKit.framework; path = System/Library/Frameworks/UIKit.framework; sourceTree = SDKROOT; };
		DC7BB269C92210D268B29CA4 /* SettingsViewModel.swift */ = {isa = PBXFileReference; lastKnownFileType = sourcecode.swift; path = SettingsViewModel.swift; sourceTree = "<group>"; };
		DC9A8E228EAACAC61B37A346 /* QuickVault-iOSTests.xctest */ = {isa = PBXFileReference; includeInIndex = 0; lastKnownFileType = wrapper.cfbundle; path = "QuickVault-iOSTests.xctest"; sourceTree = BUILT_PRODUCTS_DIR; };
		E36E583B2CC60CBD099FFD45 /* LocalAuthentication.framework */ = {isa = PBXFileReference; lastKnownFileType = wrapper.framework; name = LocalAuthentication.framework; path = System/Library/Frameworks/LocalAuthentication.framework; sourceTree = SDKROOT; };
		E535C50E885129186CCE64DD /* no */ = {isa = PBXFileReference; lastKnownFileType = text.plist.strings; name = no; path = no.lproj/Localizable.strings; sourceTree = "<group>"; };
		E579867A3A20856CBD302D8D /* AuthViewModel.swift */ = {isa = PBXFileReference; lastKnownFileType = sourcecode.swift; path = AuthViewModel.swift; sourceTree = "<group>"; };
		F30E6359AFF9F1BF32530737 /* AutoLockManager.swift */ = {isa = PBXFileReference; lastKnownFileType = sourcecode.swift; path = AutoLockManager.swift; sourceTree = "<group>"; };
		F86578624AA0C712D14FBEB1 /* SwiftUI.framework */ = {isa = PBXFileReference; lastKnownFileType = wrapper.framework; name = SwiftUI.framework; path = System/Library/Frameworks/SwiftUI.framework; sourceTree = SDKROOT; };
		FC388FFE2EE107739AD6071D /* QuickVaultApp.swift */ = {isa = PBXFileReference; lastKnownFileType = sourcecode.swift; path = QuickVaultApp.swift; sourceTree = "<group>"; };
/* End PBXFileReference section */

/* Begin PBXFrameworksBuildPhase section */
		32240FBEF4DA13C7D7925517 /* Frameworks */ = {
			isa = PBXFrameworksBuildPhase;
			buildActionMask = 2147483647;
			files = (
				9B29C8FEAEE5ACCD4366B020 /* QuickVaultCore in Frameworks */,
			);
			runOnlyForDeploymentPostprocessing = 0;
		};
		7C0655FB7EEAB88198C8E09F /* Frameworks */ = {
			isa = PBXFrameworksBuildPhase;
			buildActionMask = 2147483647;
			files = (
				6624F1078058A0A8C21F2368 /* QuickVaultCore in Frameworks */,
				93995C30D86691C335E2E7C1 /* UIKit.framework in Frameworks */,
				3A3A183F7A792B67576B3362 /* SwiftUI.framework in Frameworks */,
				0CE31A7EB6E85309E237FA7E /* Security.framework in Frameworks */,
				BCD0BBA4217C12E3B9518AC4 /* LocalAuthentication.framework in Frameworks */,
			);
			runOnlyForDeploymentPostprocessing = 0;
		};
/* End PBXFrameworksBuildPhase section */

/* Begin PBXGroup section */
		0737578DA18321F1A10236F0 /* Packages */ = {
			isa = PBXGroup;
			children = (
				D13AB1CF5773695741895F16 /* QuickVaultKit */,
			);
			name = Packages;
			sourceTree = "<group>";
		};
		10CFE3239CD63680BB9ED2A7 /* ViewModels */ = {
			isa = PBXGroup;
			children = (
				E579867A3A20856CBD302D8D /* AuthViewModel.swift */,
				C0FEBA8555645A65A81F9281 /* CardDetailViewModel.swift */,
				35FDB1FB2D2B9499E8C22E35 /* CardEditorViewModel.swift */,
				386021D90AAF2290A7AD72D3 /* CardListViewModel.swift */,
				DC7BB269C92210D268B29CA4 /* SettingsViewModel.swift */,
			);
			path = ViewModels;
			sourceTree = "<group>";
		};
		353BA6AC4B8674B2FFBCC7C1 /* QuickVault-iOSTests */ = {
			isa = PBXGroup;
			children = (
				7640048681101DE4255A7D6C /* QuickVault_iOSTests.swift */,
			);
			path = "QuickVault-iOSTests";
			sourceTree = "<group>";
		};
		4800AA29CBE7A0FB63EF8E51 /* Main */ = {
			isa = PBXGroup;
			children = (
				AAC1428ED84D08AA8D32DAA9 /* MainTabView.swift */,
			);
			path = Main;
			sourceTree = "<group>";
		};
		64B50E7C25D9468592CCD50C /* Settings */ = {
			isa = PBXGroup;
			children = (
				D6F1D5CAF162D6F2AE86FCF7 /* SettingsView.swift */,
			);
			path = Settings;
			sourceTree = "<group>";
		};
		6B2881DED988CA35FB04C484 /* Services */ = {
			isa = PBXGroup;
			children = (
				8A7DC778EA1AC3B79534F91B /* AttachmentService.swift */,
				F30E6359AFF9F1BF32530737 /* AutoLockManager.swift */,
				C6B35E855E6CE70709D93082 /* LocalizationManager.swift */,
				084A3087336F42612C1C2D14 /* WatermarkService.swift */,
			);
			path = Services;
			sourceTree = "<group>";
		};
		6F55A25A5FD7A3E03AA27ACF /* App */ = {
			isa = PBXGroup;
			children = (
				FC388FFE2EE107739AD6071D /* QuickVaultApp.swift */,
			);
			path = App;
			sourceTree = "<group>";
		};
		7413F421C3CE59C166EE7CC6 /* Products */ = {
			isa = PBXGroup;
			children = (
				B526FD4DEBFCEFC0EC95DFA3 /* QuickVault-iOS.app */,
				DC9A8E228EAACAC61B37A346 /* QuickVault-iOSTests.xctest */,
			);
			name = Products;
			sourceTree = "<group>";
		};
		90C430E7BAD5F3CFF8272CEA /* Common */ = {
			isa = PBXGroup;
			children = (
				69595CAB753B5DFF3AA5F61A /* ToastView.swift */,
			);
			path = Common;
			sourceTree = "<group>";
		};
		A547875F34FD3CE538C98A95 /* Frameworks */ = {
			isa = PBXGroup;
			children = (
				E36E583B2CC60CBD099FFD45 /* LocalAuthentication.framework */,
				4A94BADA7314FFC3AB224CC1 /* Security.framework */,
				F86578624AA0C712D14FBEB1 /* SwiftUI.framework */,
				D7756F1F461588E412211BE5 /* UIKit.framework */,
			);
			name = Frameworks;
			sourceTree = "<group>";
		};
		AF58184B614BCC800899ACBA /* Attachments */ = {
			isa = PBXGroup;
			children = (
				049240424C29CF75F1AB30BC /* AttachmentView.swift */,
			);
			path = Attachments;
			sourceTree = "<group>";
		};
		C2C8FB6C957B0B671145C799 /* Cards */ = {
			isa = PBXGroup;
			children = (
				15D2C69EA477FD9C8C0C19BD /* CardDetailView.swift */,
				911A33BF8A5E7CF480E43FAB /* CardEditorSheet.swift */,
				4E0354FD13E17A19DC4264D0 /* CardListView.swift */,
			);
			path = Cards;
			sourceTree = "<group>";
		};
		C2E4D008B06E86C516537108 /* Views */ = {
			isa = PBXGroup;
			children = (
				AF58184B614BCC800899ACBA /* Attachments */,
				FD514D25C053032CCB78B749 /* Auth */,
				C2C8FB6C957B0B671145C799 /* Cards */,
				90C430E7BAD5F3CFF8272CEA /* Common */,
				4800AA29CBE7A0FB63EF8E51 /* Main */,
				DB24398FE4FDBCAE43177B6B /* Search */,
				64B50E7C25D9468592CCD50C /* Settings */,
			);
			path = Views;
			sourceTree = "<group>";
		};
		C2E6C6D429D09287D21BB5D8 /* QuickVault-iOS */ = {
			isa = PBXGroup;
			children = (
				6F55A25A5FD7A3E03AA27ACF /* App */,
				FD09FEBDE5CCB20E074CC806 /* Resources */,
				6B2881DED988CA35FB04C484 /* Services */,
				10CFE3239CD63680BB9ED2A7 /* ViewModels */,
				C2E4D008B06E86C516537108 /* Views */,
			);
			path = "QuickVault-iOS";
			sourceTree = "<group>";
		};
		D34D7E5E73DDAE9702211A1D = {
			isa = PBXGroup;
			children = (
				0737578DA18321F1A10236F0 /* Packages */,
				C2E6C6D429D09287D21BB5D8 /* QuickVault-iOS */,
				353BA6AC4B8674B2FFBCC7C1 /* QuickVault-iOSTests */,
				A547875F34FD3CE538C98A95 /* Frameworks */,
				7413F421C3CE59C166EE7CC6 /* Products */,
			);
			sourceTree = "<group>";
		};
		DB24398FE4FDBCAE43177B6B /* Search */ = {
			isa = PBXGroup;
			children = (
				241F80E21BB55F57FD2858BA /* SearchView.swift */,
			);
			path = Search;
			sourceTree = "<group>";
		};
		FD09FEBDE5CCB20E074CC806 /* Resources */ = {
			isa = PBXGroup;
			children = (
				603B44AE55C9131BACCEE131 /* Assets.xcassets */,
				66A5E197DE7397D954F0AED3 /* Info.plist */,
				209029622DBA6B9474A19E6B /* Localizable.strings */,
				46F12F5F1BDB134DAC5CE1B2 /* QuickVault.entitlements */,
			);
			path = Resources;
			sourceTree = "<group>";
		};
		FD514D25C053032CCB78B749 /* Auth */ = {
			isa = PBXGroup;
			children = (
				1C7FAB4F06991E87B162E011 /* LockScreenView.swift */,
				2D5A7562FB1ECF61152E80C7 /* WelcomeView.swift */,
			);
			path = Auth;
			sourceTree = "<group>";
		};
/* End PBXGroup section */

/* Begin PBXNativeTarget section */
		13E9787B7AADB096C4E69195 /* QuickVault-iOS */ = {
			isa = PBXNativeTarget;
			buildConfigurationList = 2B21369C6AAA5739FD378479 /* Build configuration list for PBXNativeTarget "QuickVault-iOS" */;
			buildPhases = (
				8910D5CBD9DE6DD3C377D766 /* Pre-build Info */,
				8D77CFC8AAF5244B9936E714 /* Sources */,
				7F7B355B857447F2E381790B /* Resources */,
				7C0655FB7EEAB88198C8E09F /* Frameworks */,
			);
			buildRules = (
			);
			dependencies = (
			);
			name = "QuickVault-iOS";
			packageProductDependencies = (
				A83C085579CE6D0AB91D42D5 /* QuickVaultCore */,
			);
			productName = "QuickVault-iOS";
			productReference = B526FD4DEBFCEFC0EC95DFA3 /* QuickVault-iOS.app */;
			productType = "com.apple.product-type.application";
		};
		F76F977D2040E406EE1AA915 /* QuickVault-iOSTests */ = {
			isa = PBXNativeTarget;
			buildConfigurationList = 1C3129E50CF5A5E8F15F7FFC /* Build configuration list for PBXNativeTarget "QuickVault-iOSTests" */;
			buildPhases = (
				CEE0BBB845EC041392B3B80D /* Sources */,
				32240FBEF4DA13C7D7925517 /* Frameworks */,
			);
			buildRules = (
			);
			dependencies = (
				4FE47B53990093A18D30B225 /* PBXTargetDependency */,
			);
			name = "QuickVault-iOSTests";
			packageProductDependencies = (
				042AFB4CEA3373468B97BE79 /* QuickVaultCore */,
			);
			productName = "QuickVault-iOSTests";
			productReference = DC9A8E228EAACAC61B37A346 /* QuickVault-iOSTests.xctest */;
			productType = "com.apple.product-type.bundle.unit-test";
		};
/* End PBXNativeTarget section */

/* Begin PBXProject section */
		B2183559B6FD0017B0036502 /* Project object */ = {
			isa = PBXProject;
			attributes = {
				BuildIndependentTargetsInParallel = YES;
				LastUpgradeCheck = 1430;
				TargetAttributes = {
					13E9787B7AADB096C4E69195 = {
						DevelopmentTeam = "";
						ProvisioningStyle = Automatic;
					};
				};
			};
			buildConfigurationList = 6A83A48B7BF35B0239B371C4 /* Build configuration list for PBXProject "QuickVault-iOS" */;
			compatibilityVersion = "Xcode 14.0";
			developmentRegion = "zh-Hans";
			hasScannedForEncodings = 0;
			knownRegions = (
				Base,
				ar,
				cs,
				da,
				de,
				el,
				en,
				es,
				fi,
				fr,
				hu,
				it,
				ja,
				nl,
				no,
				pl,
				"pt-BR",
				"pt-PT",
				ro,
				ru,
				sv,
				uk,
				"zh-Hans",
			);
			mainGroup = D34D7E5E73DDAE9702211A1D;
			minimizedProjectReferenceProxies = 1;
			packageReferences = (
				E42ECA4E6EB2EEFDB2F6ED69 /* XCLocalSwiftPackageReference "../QuickVaultKit" */,
			);
			preferredProjectObjectVersion = 77;
			projectDirPath = "";
			projectRoot = "";
			targets = (
				13E9787B7AADB096C4E69195 /* QuickVault-iOS */,
				F76F977D2040E406EE1AA915 /* QuickVault-iOSTests */,
			);
		};
/* End PBXProject section */

/* Begin PBXResourcesBuildPhase section */
		7F7B355B857447F2E381790B /* Resources */ = {
			isa = PBXResourcesBuildPhase;
			buildActionMask = 2147483647;
			files = (
				BDE414EBD48C1B32972E9327 /* Assets.xcassets in Resources */,
				1AD7A722939943DC463FB3E0 /* Localizable.strings in Resources */,
			);
			runOnlyForDeploymentPostprocessing = 0;
		};
/* End PBXResourcesBuildPhase section */

/* Begin PBXShellScriptBuildPhase section */
		8910D5CBD9DE6DD3C377D766 /* Pre-build Info */ = {
			isa = PBXShellScriptBuildPhase;
			alwaysOutOfDate = 1;
			buildActionMask = 2147483647;
			files = (
			);
			inputFileListPaths = (
			);
			inputPaths = (
			);
			name = "Pre-build Info";
			outputFileListPaths = (
			);
			outputPaths = (
			);
			runOnlyForDeploymentPostprocessing = 0;
			shellPath = /bin/sh;
			shellScript = "echo \"Building QuickVault iOS App\"\n";
		};
/* End PBXShellScriptBuildPhase section */

/* Begin PBXSourcesBuildPhase section */
		8D77CFC8AAF5244B9936E714 /* Sources */ = {
			isa = PBXSourcesBuildPhase;
			buildActionMask = 2147483647;
			files = (
				EE29D888CDD5525843053A29 /* AttachmentService.swift in Sources */,
				13A6E1143B488B1ADACDB7B4 /* AttachmentView.swift in Sources */,
				E5ED2247045E53F85379D740 /* AuthViewModel.swift in Sources */,
				5CFAA7F4802FDDA7041B618B /* AutoLockManager.swift in Sources */,
				3A8456C37A281FE028E4866F /* CardDetailView.swift in Sources */,
				3EE56ADA4DCB2D12D917DD37 /* CardDetailViewModel.swift in Sources */,
				B61056E9A8B04C42E55049FF /* CardEditorSheet.swift in Sources */,
				4852B698E36E9D3EB193BAF6 /* CardEditorViewModel.swift in Sources */,
				CA096A682675103CE5DC86B0 /* CardListView.swift in Sources */,
				691A9B8A2138CAE22BED5FF3 /* CardListViewModel.swift in Sources */,
				047BF0012540900CEC812FDF /* LocalizationManager.swift in Sources */,
				AC29E035EAA6D5ECA835DEBE /* LockScreenView.swift in Sources */,
				D15718CAF8878FB83E92F81C /* MainTabView.swift in Sources */,
				D2CBD75B229D1F91D92C6458 /* QuickVaultApp.swift in Sources */,
				A5945102A1B5FA0252A136D1 /* SearchView.swift in Sources */,
				0205654E0938683DD8561239 /* SettingsView.swift in Sources */,
				E2D911A3267197815F0152A4 /* SettingsViewModel.swift in Sources */,
				7C1A9F54BB66A0FCCBAE54E2 /* ToastView.swift in Sources */,
				97B8A32947562A4A6DD0CA66 /* WatermarkService.swift in Sources */,
				4B64B0A685D2F3C9FFBA2BD8 /* WelcomeView.swift in Sources */,
			);
			runOnlyForDeploymentPostprocessing = 0;
		};
		CEE0BBB845EC041392B3B80D /* Sources */ = {
			isa = PBXSourcesBuildPhase;
			buildActionMask = 2147483647;
			files = (
				01573549972027D1F9D5AD84 /* QuickVault_iOSTests.swift in Sources */,
			);
			runOnlyForDeploymentPostprocessing = 0;
		};
/* End PBXSourcesBuildPhase section */

/* Begin PBXTargetDependency section */
		4FE47B53990093A18D30B225 /* PBXTargetDependency */ = {
			isa = PBXTargetDependency;
			target = 13E9787B7AADB096C4E69195 /* QuickVault-iOS */;
			targetProxy = EC9EA9D9380A13F74067AAF4 /* PBXContainerItemProxy */;
		};
/* End PBXTargetDependency section */

/* Begin PBXVariantGroup section */
		209029622DBA6B9474A19E6B /* Localizable.strings */ = {
			isa = PBXVariantGroup;
			children = (
				9085751016C97674D4B981AD /* ar */,
				2EB0B068E037BE5AADFB42A0 /* cs */,
				D2D31F530D7235779FEDD87C /* da */,
				BBECB90A49BFF1ABB4AAFF9E /* de */,
				B1BD8C19DA6AFDE16AAF9C28 /* el */,
				0E427F3CA78A156EDDCF3807 /* en */,
				C41760669E8DC9CF7235EB68 /* es */,
				7A430A425043BD1E5FE3417A /* fi */,
				56E9E463378817B11A9B2679 /* fr */,
				BE488D7CA0B18B8D1246F800 /* hu */,
				0AFA131B5F9AAE485AA676C1 /* it */,
				4D9304C568455F5D5AF72FA6 /* ja */,
				5BBB4F4BF0A7E4B1498F028E /* nl */,
				E535C50E885129186CCE64DD /* no */,
				ACEDDFD852425B5756DF270D /* pl */,
				D593EBE86B5FA107F4E4172D /* pt-BR */,
				7FB5126F586E61A73B65699C /* pt-PT */,
				81354BE88E35456AF0FD74D2 /* ro */,
				47563C9C82E8122B3089AD35 /* ru */,
				9E5D7A4A4B1C60475DFBCEF1 /* sv */,
				4782CA75C702D8057ED4050C /* uk */,
				887DFB043CF17C83E8CE5CF4 /* zh-Hans */,
			);
			name = Localizable.strings;
			sourceTree = "<group>";
		};
/* End PBXVariantGroup section */

/* Begin XCBuildConfiguration section */
		318BE87AC521FE819327464A /* Release */ = {
			isa = XCBuildConfiguration;
			buildSettings = {
				ALWAYS_SEARCH_USER_PATHS = NO;
				CLANG_ANALYZER_NONNULL = YES;
				CLANG_ANALYZER_NUMBER_OBJECT_CONVERSION = YES_AGGRESSIVE;
				CLANG_CXX_LANGUAGE_STANDARD = "gnu++14";
				CLANG_CXX_LIBRARY = "libc++";
				CLANG_ENABLE_MODULES = YES;
				CLANG_ENABLE_OBJC_ARC = YES;
				CLANG_ENABLE_OBJC_WEAK = YES;
				CLANG_WARN_BLOCK_CAPTURE_AUTORELEASING = YES;
				CLANG_WARN_BOOL_CONVERSION = YES;
				CLANG_WARN_COMMA = YES;
				CLANG_WARN_CONSTANT_CONVERSION = YES;
				CLANG_WARN_DEPRECATED_OBJC_IMPLEMENTATIONS = YES;
				CLANG_WARN_DIRECT_OBJC_ISA_USAGE = YES_ERROR;
				CLANG_WARN_DOCUMENTATION_COMMENTS = YES;
				CLANG_WARN_EMPTY_BODY = YES;
				CLANG_WARN_ENUM_CONVERSION = YES;
				CLANG_WARN_INFINITE_RECURSION = YES;
				CLANG_WARN_INT_CONVERSION = YES;
				CLANG_WARN_NON_LITERAL_NULL_CONVERSION = YES;
				CLANG_WARN_OBJC_IMPLICIT_RETAIN_SELF = YES;
				CLANG_WARN_OBJC_LITERAL_CONVERSION = YES;
				CLANG_WARN_OBJC_ROOT_CLASS = YES_ERROR;
				CLANG_WARN_QUOTED_INCLUDE_IN_FRAMEWORK_HEADER = YES;
				CLANG_WARN_RANGE_LOOP_ANALYSIS = YES;
				CLANG_WARN_STRICT_PROTOTYPES = YES;
				CLANG_WARN_SUSPICIOUS_MOVE = YES;
				CLANG_WARN_UNGUARDED_AVAILABILITY = YES_AGGRESSIVE;
				CLANG_WARN_UNREACHABLE_CODE = YES;
				CLANG_WARN__DUPLICATE_METHOD_MATCH = YES;
				COPY_PHASE_STRIP = NO;
				DEBUG_INFORMATION_FORMAT = "dwarf-with-dsym";
				ENABLE_NS_ASSERTIONS = NO;
				ENABLE_STRICT_OBJC_MSGSEND = YES;
				GCC_C_LANGUAGE_STANDARD = gnu11;
				GCC_NO_COMMON_BLOCKS = YES;
				GCC_WARN_64_TO_32_BIT_CONVERSION = YES;
				GCC_WARN_ABOUT_RETURN_TYPE = YES_ERROR;
				GCC_WARN_UNDECLARED_SELECTOR = YES;
				GCC_WARN_UNINITIALIZED_AUTOS = YES_AGGRESSIVE;
				GCC_WARN_UNUSED_FUNCTION = YES;
				GCC_WARN_UNUSED_VARIABLE = YES;
				IPHONEOS_DEPLOYMENT_TARGET = 17.0;
				MTL_ENABLE_DEBUG_INFO = NO;
				MTL_FAST_MATH = YES;
				PRODUCT_NAME = "$(TARGET_NAME)";
				SDKROOT = iphoneos;
				SWIFT_COMPILATION_MODE = wholemodule;
				SWIFT_OPTIMIZATION_LEVEL = "-O";
				SWIFT_VERSION = 5.0;
			};
			name = Release;
		};
		45D1B1A4812F4117CA97FF5D /* Release */ = {
			isa = XCBuildConfiguration;
			buildSettings = {
				BUNDLE_LOADER = "$(TEST_HOST)";
				IPHONEOS_DEPLOYMENT_TARGET = 17.0;
				LD_RUNPATH_SEARCH_PATHS = (
					"$(inherited)",
					"@executable_path/Frameworks",
					"@loader_path/Frameworks",
				);
				PRODUCT_BUNDLE_IDENTIFIER = com.quickvault.ios.tests;
				SDKROOT = iphoneos;
				TARGETED_DEVICE_FAMILY = "1,2";
				TEST_HOST = "$(BUILT_PRODUCTS_DIR)/QuickVault-iOS.app/QuickVault-iOS";
			};
			name = Release;
		};
		63C9593DFC9C5E448DD9D21A /* Release */ = {
			isa = XCBuildConfiguration;
			buildSettings = {
				ASSETCATALOG_COMPILER_APPICON_NAME = AppIcon;
				CODE_SIGN_ENTITLEMENTS = "QuickVault-iOS/Resources/QuickVault.entitlements";
				CODE_SIGN_IDENTITY = "-";
				CODE_SIGN_STYLE = Automatic;
				DEVELOPMENT_TEAM = "";
				INFOPLIST_FILE = "QuickVault-iOS/Resources/Info.plist";
				IPHONEOS_DEPLOYMENT_TARGET = 17.0;
				LD_RUNPATH_SEARCH_PATHS = (
					"$(inherited)",
					"@executable_path/Frameworks",
				);
				PRODUCT_BUNDLE_IDENTIFIER = com.quickvault.ios;
				PRODUCT_NAME = QuickVault;
				SDKROOT = iphoneos;
				SUPPORTS_MACCATALYST = NO;
				SWIFT_VERSION = 5.9;
				TARGETED_DEVICE_FAMILY = "1,2";
			};
			name = Release;
		};
		68BCC270669157306720B037 /* Debug */ = {
			isa = XCBuildConfiguration;
			buildSettings = {
				ALWAYS_SEARCH_USER_PATHS = NO;
				CLANG_ANALYZER_NONNULL = YES;
				CLANG_ANALYZER_NUMBER_OBJECT_CONVERSION = YES_AGGRESSIVE;
				CLANG_CXX_LANGUAGE_STANDARD = "gnu++14";
				CLANG_CXX_LIBRARY = "libc++";
				CLANG_ENABLE_MODULES = YES;
				CLANG_ENABLE_OBJC_ARC = YES;
				CLANG_ENABLE_OBJC_WEAK = YES;
				CLANG_WARN_BLOCK_CAPTURE_AUTORELEASING = YES;
				CLANG_WARN_BOOL_CONVERSION = YES;
				CLANG_WARN_COMMA = YES;
				CLANG_WARN_CONSTANT_CONVERSION = YES;
				CLANG_WARN_DEPRECATED_OBJC_IMPLEMENTATIONS = YES;
				CLANG_WARN_DIRECT_OBJC_ISA_USAGE = YES_ERROR;
				CLANG_WARN_DOCUMENTATION_COMMENTS = YES;
				CLANG_WARN_EMPTY_BODY = YES;
				CLANG_WARN_ENUM_CONVERSION = YES;
				CLANG_WARN_INFINITE_RECURSION = YES;
				CLANG_WARN_INT_CONVERSION = YES;
				CLANG_WARN_NON_LITERAL_NULL_CONVERSION = YES;
				CLANG_WARN_OBJC_IMPLICIT_RETAIN_SELF = YES;
				CLANG_WARN_OBJC_LITERAL_CONVERSION = YES;
				CLANG_WARN_OBJC_ROOT_CLASS = YES_ERROR;
				CLANG_WARN_QUOTED_INCLUDE_IN_FRAMEWORK_HEADER = YES;
				CLANG_WARN_RANGE_LOOP_ANALYSIS = YES;
				CLANG_WARN_STRICT_PROTOTYPES = YES;
				CLANG_WARN_SUSPICIOUS_MOVE = YES;
				CLANG_WARN_UNGUARDED_AVAILABILITY = YES_AGGRESSIVE;
				CLANG_WARN_UNREACHABLE_CODE = YES;
				CLANG_WARN__DUPLICATE_METHOD_MATCH = YES;
				COPY_PHASE_STRIP = NO;
				DEBUG_INFORMATION_FORMAT = dwarf;
				ENABLE_STRICT_OBJC_MSGSEND = YES;
				ENABLE_TESTABILITY = YES;
				GCC_C_LANGUAGE_STANDARD = gnu11;
				GCC_DYNAMIC_NO_PIC = NO;
				GCC_NO_COMMON_BLOCKS = YES;
				GCC_OPTIMIZATION_LEVEL = 0;
				GCC_PREPROCESSOR_DEFINITIONS = (
					"$(inherited)",
					"DEBUG=1",
				);
				GCC_WARN_64_TO_32_BIT_CONVERSION = YES;
				GCC_WARN_ABOUT_RETURN_TYPE = YES_ERROR;
				GCC_WARN_UNDECLARED_SELECTOR = YES;
				GCC_WARN_UNINITIALIZED_AUTOS = YES_AGGRESSIVE;
				GCC_WARN_UNUSED_FUNCTION = YES;
				GCC_WARN_UNUSED_VARIABLE = YES;
				IPHONEOS_DEPLOYMENT_TARGET = 17.0;
				MTL_ENABLE_DEBUG_INFO = INCLUDE_SOURCE;
				MTL_FAST_MATH = YES;
				ONLY_ACTIVE_ARCH = YES;
				PRODUCT_NAME = "$(TARGET_NAME)";
				SDKROOT = iphoneos;
				SWIFT_ACTIVE_COMPILATION_CONDITIONS = DEBUG;
				SWIFT_OPTIMIZATION_LEVEL = "-Onone";
				SWIFT_VERSION = 5.0;
			};
			name = Debug;
		};
		D6662848AE02401A4C12FD0C /* Debug */ = {
			isa = XCBuildConfiguration;
			buildSettings = {
				BUNDLE_LOADER = "$(TEST_HOST)";
				IPHONEOS_DEPLOYMENT_TARGET = 17.0;
				LD_RUNPATH_SEARCH_PATHS = (
					"$(inherited)",
					"@executable_path/Frameworks",
					"@loader_path/Frameworks",
				);
				PRODUCT_BUNDLE_IDENTIFIER = com.quickvault.ios.tests;
				SDKROOT = iphoneos;
				TARGETED_DEVICE_FAMILY = "1,2";
				TEST_HOST = "$(BUILT_PRODUCTS_DIR)/QuickVault-iOS.app/QuickVault-iOS";
			};
			name = Debug;
		};
		DE749812F4B4DD100990EAAD /* Debug */ = {
			isa = XCBuildConfiguration;
			buildSettings = {
				ASSETCATALOG_COMPILER_APPICON_NAME = AppIcon;
				CODE_SIGN_ENTITLEMENTS = "QuickVault-iOS/Resources/QuickVault.entitlements";
				CODE_SIGN_IDENTITY = "-";
				CODE_SIGN_STYLE = Automatic;
				DEVELOPMENT_TEAM = "";
				INFOPLIST_FILE = "QuickVault-iOS/Resources/Info.plist";
				IPHONEOS_DEPLOYMENT_TARGET = 17.0;
				LD_RUNPATH_SEARCH_PATHS = (
					"$(inherited)",
					"@executable_path/Frameworks",
				);
				PRODUCT_BUNDLE_IDENTIFIER = com.quickvault.ios;
				PRODUCT_NAME = QuickVault;
				SDKROOT = iphoneos;
				SUPPORTS_MACCATALYST = NO;
				SWIFT_VERSION = 5.9;
				TARGETED_DEVICE_FAMILY = "1,2";
			};
			name = Debug;
		};
/* End XCBuildConfiguration section */

/* Begin XCConfigurationList section */
		1C3129E50CF5A5E8F15F7FFC /* Build configuration list for PBXNativeTarget "QuickVault-iOSTests" */ = {
			isa = XCConfigurationList;
			buildConfigurations = (
				D6662848AE02401A4C12FD0C /* Debug */,
				45D1B1A4812F4117CA97FF5D /* Release */,
			);
			defaultConfigurationIsVisible = 0;
			defaultConfigurationName = Debug;
		};
		2B21369C6AAA5739FD378479 /* Build configuration list for PBXNativeTarget "QuickVault-iOS" */ = {
			isa = XCConfigurationList;
			buildConfigurations = (
				DE749812F4B4DD100990EAAD /* Debug */,
				63C9593DFC9C5E448DD9D21A /* Release */,
			);
			defaultConfigurationIsVisible = 0;
			defaultConfigurationName = Debug;
		};
		6A83A48B7BF35B0239B371C4 /* Build configuration list for PBXProject "QuickVault-iOS" */ = {
			isa = XCConfigurationList;
			buildConfigurations = (
				68BCC270669157306720B037 /* Debug */,
				318BE87AC521FE819327464A /* Release */,
			);
			defaultConfigurationIsVisible = 0;
			defaultConfigurationName = Debug;
		};
/* End XCConfigurationList section */

/* Begin XCLocalSwiftPackageReference section */
		E42ECA4E6EB2EEFDB2F6ED69 /* XCLocalSwiftPackageReference "../QuickVaultKit" */ = {
			isa = XCLocalSwiftPackageReference;
			relativePath = ../QuickVaultKit;
		};
/* End XCLocalSwiftPackageReference section */

/* Begin XCSwiftPackageProductDependency section */
		042AFB4CEA3373468B97BE79 /* QuickVaultCore */ = {
			isa = XCSwiftPackageProductDependency;
			productName = QuickVaultCore;
		};
		A83C085579CE6D0AB91D42D5 /* QuickVaultCore */ = {
			isa = XCSwiftPackageProductDependency;
			productName = QuickVaultCore;
		};
/* End XCSwiftPackageProductDependency section */
	};
	rootObject = B2183559B6FD0017B0036502 /* Project object */;
}
